{
    "_meta": {
        "hash": {
            "sha256": "98c645bcf394f65b95b0a58801eef57b950a6f53f89694846d68c461f186b466"
        },
        "pipfile-spec": 6,
        "requires": {
            "python_version": "3.9"
        },
        "sources": [
            {
                "name": "pypi",
                "url": "https://pypi.org/simple",
                "verify_ssl": true
            }
        ]
    },
    "default": {
        "django": {
            "hashes": [
                "sha256:05fe4b19a8778d4b48bbf1f4dfca3106881fea7982664553e7f7f861606f7c66",
                "sha256:e66d58bfeed3a5eb44f2af6d5f1b6a85d656c4180ebba63b692e58d29db2a716"
            ],
            "index": "pypi",
            "version": "==1.9"
        }
    },
    "develop": {}
}
